
Microsoft Visual Studio Solution File, Format Version 12.00
Project("{FAE04EC0-301F-11D3-BF4B-00C04F79EFBC}") = "TickAPI", "TickAPI\TickAPI.csproj", "{05353D6A-36F8-40DE-BC3D-49A0C82A555B}"
EndProject
Project("{FAE04EC0-301F-11D3-BF4B-00C04F79EFBC}") = "TickAPI.Tests", "TickAPI.Tests\TickAPI.Tests.csproj", "{063BB4EC-68EA-4471-9E7D-C87EEF9A82B4}"
EndProject
Global
	GlobalSection(SolutionConfigurationPlatforms) = preSolution
		Debug|Any CPU = Debug|Any CPU
		Release|Any CPU = Release|Any CPU
	EndGlobalSection
	GlobalSection(ProjectConfigurationPlatforms) = postSolution
		{05353D6A-36F8-40DE-BC3D-49A0C82A555B}.Debug|Any CPU.ActiveCfg = Debug|Any CPU
		{05353D6A-36F8-40DE-BC3D-49A0C82A555B}.Debug|Any CPU.Build.0 = Debug|Any CPU
		{05353D6A-36F8-40DE-BC3D-49A0C82A555B}.Release|Any CPU.ActiveCfg = Release|Any CPU
		{05353D6A-36F8-40DE-BC3D-49A0C82A555B}.Release|Any CPU.Build.0 = Release|Any CPU
		{063BB4EC-68EA-4471-9E7D-C87EEF9A82B4}.Debug|Any CPU.ActiveCfg = Debug|Any CPU
		{063BB4EC-68EA-4471-9E7D-C87EEF9A82B4}.Debug|Any CPU.Build.0 = Debug|Any CPU
		{063BB4EC-68EA-4471-9E7D-C87EEF9A82B4}.Release|Any CPU.ActiveCfg = Release|Any CPU
		{063BB4EC-68EA-4471-9E7D-C87EEF9A82B4}.Release|Any CPU.Build.0 = Release|Any CPU
	EndGlobalSection
EndGlobal
